// !$*UTF8*$!
{
	archiveVersion = 1;
	classes = {
	};
	objectVersion = 56;
	objects = {

/* Begin PBXBuildFile section */
		6E159EF12C12426A00213BFD /* ItemModel.swift in Sources */ = {isa = PBXBuildFile; fileRef = 6E159EF02C12426A00213BFD /* ItemModel.swift */; };
		6E32FEC82C11EE6100C565FE /* ToDoAppApp.swift in Sources */ = {isa = PBXBuildFile; fileRef = 6E32FEC72C11EE6100C565FE /* ToDoAppApp.swift */; };
		6E32FECA2C11EE6100C565FE /* ContentView.swift in Sources */ = {isa = PBXBuildFile; fileRef = 6E32FEC92C11EE6100C565FE /* ContentView.swift */; };
		6E32FECC2C11EE6400C565FE /* Assets.xcassets in Resources */ = {isa = PBXBuildFile; fileRef = 6E32FECB2C11EE6400C565FE /* Assets.xcassets */; };
		6E32FECF2C11EE6400C565FE /* Preview Assets.xcassets in Resources */ = {isa = PBXBuildFile; fileRef = 6E32FECE2C11EE6400C565FE /* Preview Assets.xcassets */; };
		6E32FED92C11EE6400C565FE /* ToDoAppTests.swift in Sources */ = {isa = PBXBuildFile; fileRef = 6E32FED82C11EE6400C565FE /* ToDoAppTests.swift */; };
		6E32FEE32C11EE6400C565FE /* ToDoAppUITests.swift in Sources */ = {isa = PBXBuildFile; fileRef = 6E32FEE22C11EE6400C565FE /* ToDoAppUITests.swift */; };
		6E32FEE52C11EE6400C565FE /* ToDoAppUITestsLaunchTests.swift in Sources */ = {isa = PBXBuildFile; fileRef = 6E32FEE42C11EE6400C565FE /* ToDoAppUITestsLaunchTests.swift */; };
		6E32FEF22C11F76900C565FE /* ListRowView.swift in Sources */ = {isa = PBXBuildFile; fileRef = 6E32FEF12C11F76900C565FE /* ListRowView.swift */; };
		6E32FEF42C11F7C400C565FE /* AddView.swift in Sources */ = {isa = PBXBuildFile; fileRef = 6E32FEF32C11F7C400C565FE /* AddView.swift */; };
		6EFA470C2C1717AF00A7035D /* ListViewModel.swift in Sources */ = {isa = PBXBuildFile; fileRef = 6EFA470B2C1717AF00A7035D /* ListViewModel.swift */; };
/* End PBXBuildFile section */

/* Begin PBXContainerItemProxy section */
		6E32FED52C11EE6400C565FE /* PBXContainerItemProxy */ = {
			isa = PBXContainerItemProxy;
			containerPortal = 6E32FEBC2C11EE6100C565FE /* Project object */;
			proxyType = 1;
			remoteGlobalIDString = 6E32FEC32C11EE6100C565FE;
			remoteInfo = ToDoApp;
		};
		6E32FEDF2C11EE6400C565FE /* PBXContainerItemProxy */ = {
			isa = PBXContainerItemProxy;
			containerPortal = 6E32FEBC2C11EE6100C565FE /* Project object */;
			proxyType = 1;
			remoteGlobalIDString = 6E32FEC32C11EE6100C565FE;
			remoteInfo = ToDoApp;
		};
/* End PBXContainerItemProxy section */

/* Begin PBXFileReference section */
		6E159EF02C12426A00213BFD /* ItemModel.swift */ = {isa = PBXFileReference; lastKnownFileType = sourcecode.swift; path = ItemModel.swift; sourceTree = "<group>"; };
		6E32FEC42C11EE6100C565FE /* ToDoApp.app */ = {isa = PBXFileReference; explicitFileType = wrapper.application; includeInIndex = 0; path = ToDoApp.app; sourceTree = BUILT_PRODUCTS_DIR; };
		6E32FEC72C11EE6100C565FE /* ToDoAppApp.swift */ = {isa = PBXFileReference; lastKnownFileType = sourcecode.swift; path = ToDoAppApp.swift; sourceTree = "<group>"; };
		6E32FEC92C11EE6100C565FE /* ContentView.swift */ = {isa = PBXFileReference; lastKnownFileType = sourcecode.swift; path = ContentView.swift; sourceTree = "<group>"; };
		6E32FECB2C11EE6400C565FE /* Assets.xcassets */ = {isa = PBXFileReference; lastKnownFileType = folder.assetcatalog; path = Assets.xcassets; sourceTree = "<group>"; };
		6E32FECE2C11EE6400C565FE /* Preview Assets.xcassets */ = {isa = PBXFileReference; lastKnownFileType = folder.assetcatalog; path = "Preview Assets.xcassets"; sourceTree = "<group>"; };
		6E32FED42C11EE6400C565FE /* ToDoAppTests.xctest */ = {isa = PBXFileReference; explicitFileType = wrapper.cfbundle; includeInIndex = 0; path = ToDoAppTests.xctest; sourceTree = BUILT_PRODUCTS_DIR; };
		6E32FED82C11EE6400C565FE /* ToDoAppTests.swift */ = {isa = PBXFileReference; lastKnownFileType = sourcecode.swift; path = ToDoAppTests.swift; sourceTree = "<group>"; };
		6E32FEDE2C11EE6400C565FE /* ToDoAppUITests.xctest */ = {isa = PBXFileReference; explicitFileType = wrapper.cfbundle; includeInIndex = 0; path = ToDoAppUITests.xctest; sourceTree = BUILT_PRODUCTS_DIR; };
		6E32FEE22C11EE6400C565FE /* ToDoAppUITests.swift */ = {isa = PBXFileReference; lastKnownFileType = sourcecode.swift; path = ToDoAppUITests.swift; sourceTree = "<group>"; };
		6E32FEE42C11EE6400C565FE /* ToDoAppUITestsLaunchTests.swift */ = {isa = PBXFileReference; lastKnownFileType = sourcecode.swift; path = ToDoAppUITestsLaunchTests.swift; sourceTree = "<group>"; };
		6E32FEF12C11F76900C565FE /* ListRowView.swift */ = {isa = PBXFileReference; lastKnownFileType = sourcecode.swift; path = ListRowView.swift; sourceTree = "<group>"; };
		6E32FEF32C11F7C400C565FE /* AddView.swift */ = {isa = PBXFileReference; lastKnownFileType = sourcecode.swift; path = AddView.swift; sourceTree = "<group>"; };
		6EFA470B2C1717AF00A7035D /* ListViewModel.swift */ = {isa = PBXFileReference; lastKnownFileType = sourcecode.swift; path = ListViewModel.swift; sourceTree = "<group>"; };
/* End PBXFileReference section */

/* Begin PBXFrameworksBuildPhase section */
		6E32FEC12C11EE6100C565FE /* Frameworks */ = {
			isa = PBXFrameworksBuildPhase;
			buildActionMask = 2147483647;
			files = (
			);
			runOnlyForDeploymentPostprocessing = 0;
		};
		6E32FED12C11EE6400C565FE /* Frameworks */ = {
			isa = PBXFrameworksBuildPhase;
			buildActionMask = 2147483647;
			files = (
			);
			runOnlyForDeploymentPostprocessing = 0;
		};
		6E32FEDB2C11EE6400C565FE /* Frameworks */ = {
			isa = PBXFrameworksBuildPhase;
			buildActionMask = 2147483647;
			files = (
			);
			runOnlyForDeploymentPostprocessing = 0;
		};
/* End PBXFrameworksBuildPhase section */

/* Begin PBXGroup section */
		6E159EEF2C12422A00213BFD /* Models */ = {
			isa = PBXGroup;
			children = (
				6E159EF02C12426A00213BFD /* ItemModel.swift */,
			);
			path = Models;
			sourceTree = "<group>";
		};
		6E32FEBB2C11EE6100C565FE = {
			isa = PBXGroup;
			children = (
				6E32FEC52C11EE6100C565FE /* Products */,
				6E32FEC62C11EE6100C565FE /* ToDoApp */,
				6E32FED72C11EE6400C565FE /* ToDoAppTests */,
				6E32FEE12C11EE6400C565FE /* ToDoAppUITests */,
			);
			sourceTree = "<group>";
		};
		6E32FEC52C11EE6100C565FE /* Products */ = {
			isa = PBXGroup;
			children = (
				6E32FEC42C11EE6100C565FE /* ToDoApp.app */,
				6E32FED42C11EE6400C565FE /* ToDoAppTests.xctest */,
				6E32FEDE2C11EE6400C565FE /* ToDoAppUITests.xctest */,
			);
			name = Products;
			sourceTree = "<group>";
		};
		6E32FEC62C11EE6100C565FE /* ToDoApp */ = {
			isa = PBXGroup;
			children = (
				6E32FEC72C11EE6100C565FE /* ToDoAppApp.swift */,
				6E159EEF2C12422A00213BFD /* Models */,
				6EFA47092C1715C200A7035D /* ViewModels */,
				6EFA470A2C17177200A7035D /* Views */,
				6E32FECB2C11EE6400C565FE /* Assets.xcassets */,
				6E32FECD2C11EE6400C565FE /* Preview Content */,
			);
			path = ToDoApp;
			sourceTree = "<group>";
		};
		6E32FECD2C11EE6400C565FE /* Preview Content */ = {
			isa = PBXGroup;
			children = (
				6E32FECE2C11EE6400C565FE /* Preview Assets.xcassets */,
			);
			path = "Preview Content";
			sourceTree = "<group>";
		};
		6E32FED72C11EE6400C565FE /* ToDoAppTests */ = {
			isa = PBXGroup;
			children = (
				6E32FED82C11EE6400C565FE /* ToDoAppTests.swift */,
			);
			path = ToDoAppTests;
			sourceTree = "<group>";
		};
		6E32FEE12C11EE6400C565FE /* ToDoAppUITests */ = {
			isa = PBXGroup;
			children = (
				6E32FEE22C11EE6400C565FE /* ToDoAppUITests.swift */,
				6E32FEE42C11EE6400C565FE /* ToDoAppUITestsLaunchTests.swift */,
			);
			path = ToDoAppUITests;
			sourceTree = "<group>";
		};
		6EFA47092C1715C200A7035D /* ViewModels */ = {
			isa = PBXGroup;
			children = (
				6EFA470B2C1717AF00A7035D /* ListViewModel.swift */,
			);
			path = ViewModels;
			sourceTree = "<group>";
		};
		6EFA470A2C17177200A7035D /* Views */ = {
			isa = PBXGroup;
			children = (
				6E32FEC92C11EE6100C565FE /* ContentView.swift */,
				6E32FEF12C11F76900C565FE /* ListRowView.swift */,
				6E32FEF32C11F7C400C565FE /* AddView.swift */,
			);
			path = Views;
			sourceTree = "<group>";
		};
/* End PBXGroup section */

/* Begin PBXNativeTarget section */
		6E32FEC32C11EE6100C565FE /* ToDoApp */ = {
			isa = PBXNativeTarget;
			buildConfigurationList = 6E32FEE82C11EE6400C565FE /* Build configuration list for PBXNativeTarget "ToDoApp" */;
			buildPhases = (
				6E32FEC02C11EE6100C565FE /* Sources */,
				6E32FEC12C11EE6100C565FE /* Frameworks */,
				6E32FEC22C11EE6100C565FE /* Resources */,
			);
			buildRules = (
			);
			dependencies = (
			);
			name = ToDoApp;
			productName = ToDoApp;
			productReference = 6E32FEC42C11EE6100C565FE /* ToDoApp.app */;
			productType = "com.apple.product-type.application";
		};
		6E32FED32C11EE6400C565FE /* ToDoAppTests */ = {
			isa = PBXNativeTarget;
			buildConfigurationList = 6E32FEEB2C11EE6400C565FE /* Build configuration list for PBXNativeTarget "ToDoAppTests" */;
			buildPhases = (
				6E32FED02C11EE6400C565FE /* Sources */,
				6E32FED12C11EE6400C565FE /* Frameworks */,
				6E32FED22C11EE6400C565FE /* Resources */,
			);
			buildRules = (
			);
			dependencies = (
				6E32FED62C11EE6400C565FE /* PBXTargetDependency */,
			);
			name = ToDoAppTests;
			productName = ToDoAppTests;
			productReference = 6E32FED42C11EE6400C565FE /* ToDoAppTests.xctest */;
			productType = "com.apple.product-type.bundle.unit-test";
		};
		6E32FEDD2C11EE6400C565FE /* ToDoAppUITests */ = {
			isa = PBXNativeTarget;
			buildConfigurationList = 6E32FEEE2C11EE6400C565FE /* Build configuration list for PBXNativeTarget "ToDoAppUITests" */;
			buildPhases = (
				6E32FEDA2C11EE6400C565FE /* Sources */,
				6E32FEDB2C11EE6400C565FE /* Frameworks */,
				6E32FEDC2C11EE6400C565FE /* Resources */,
			);
			buildRules = (
			);
			dependencies = (
				6E32FEE02C11EE6400C565FE /* PBXTargetDependency */,
			);
			name = ToDoAppUITests;
			productName = ToDoAppUITests;
			productReference = 6E32FEDE2C11EE6400C565FE /* ToDoAppUITests.xctest */;
			productType = "com.apple.product-type.bundle.ui-testing";
		};
/* End PBXNativeTarget section */

/* Begin PBXProject section */
		6E32FEBC2C11EE6100C565FE /* Project object */ = {
			isa = PBXProject;
			attributes = {
				BuildIndependentTargetsInParallel = 1;
				LastSwiftUpdateCheck = 1510;
				LastUpgradeCheck = 1510;
				TargetAttributes = {
					6E32FEC32C11EE6100C565FE = {
						CreatedOnToolsVersion = 15.1;
					};
					6E32FED32C11EE6400C565FE = {
						CreatedOnToolsVersion = 15.1;
						TestTargetID = 6E32FEC32C11EE6100C565FE;
					};
					6E32FEDD2C11EE6400C565FE = {
						CreatedOnToolsVersion = 15.1;
						TestTargetID = 6E32FEC32C11EE6100C565FE;
					};
				};
			};
			buildConfigurationList = 6E32FEBF2C11EE6100C565FE /* Build configuration list for PBXProject "ToDoApp" */;
			compatibilityVersion = "Xcode 14.0";
			developmentRegion = en;
			hasScannedForEncodings = 0;
			knownRegions = (
				en,
				Base,
			);
			mainGroup = 6E32FEBB2C11EE6100C565FE;
			productRefGroup = 6E32FEC52C11EE6100C565FE /* Products */;
			projectDirPath = "";
			projectRoot = "";
			targets = (
				6E32FEC32C11EE6100C565FE /* ToDoApp */,
				6E32FED32C11EE6400C565FE /* ToDoAppTests */,
				6E32FEDD2C11EE6400C565FE /* ToDoAppUITests */,
			);
		};
/* End PBXProject section */

/* Begin PBXResourcesBuildPhase section */
		6E32FEC22C11EE6100C565FE /* Resources */ = {
			isa = PBXResourcesBuildPhase;
			buildActionMask = 2147483647;
			files = (
				6E32FECF2C11EE6400C565FE /* Preview Assets.xcassets in Resources */,
				6E32FECC2C11EE6400C565FE /* Assets.xcassets in Resources */,
			);
			runOnlyForDeploymentPostprocessing = 0;
		};
		6E32FED22C11EE6400C565FE /* Resources */ = {
			isa = PBXResourcesBuildPhase;
			buildActionMask = 2147483647;
			files = (
			);
			runOnlyForDeploymentPostprocessing = 0;
		};
		6E32FEDC2C11EE6400C565FE /* Resources */ = {
			isa = PBXResourcesBuildPhase;
			buildActionMask = 2147483647;
			files = (
			);
			runOnlyForDeploymentPostprocessing = 0;
		};
/* End PBXResourcesBuildPhase section */

/* Begin PBXSourcesBuildPhase section */
		6E32FEC02C11EE6100C565FE /* Sources */ = {
			isa = PBXSourcesBuildPhase;
			buildActionMask = 2147483647;
			files = (
				6E159EF12C12426A00213BFD /* ItemModel.swift in Sources */,
				6E32FEF42C11F7C400C565FE /* AddView.swift in Sources */,
				6EFA470C2C1717AF00A7035D /* ListViewModel.swift in Sources */,
				6E32FECA2C11EE6100C565FE /* ContentView.swift in Sources */,
				6E32FEC82C11EE6100C565FE /* ToDoAppApp.swift in Sources */,
				6E32FEF22C11F76900C565FE /* ListRowView.swift in Sources */,
			);
			runOnlyForDeploymentPostprocessing = 0;
		};
		6E32FED02C11EE6400C565FE /* Sources */ = {
			isa = PBXSourcesBuildPhase;
			buildActionMask = 2147483647;
			files = (
				6E32FED92C11EE6400C565FE /* ToDoAppTests.swift in Sources */,
			);
			runOnlyForDeploymentPostprocessing = 0;
		};
		6E32FEDA2C11EE6400C565FE /* Sources */ = {
			isa = PBXSourcesBuildPhase;
			buildActionMask = 2147483647;
			files = (
				6E32FEE52C11EE6400C565FE /* ToDoAppUITestsLaunchTests.swift in Sources */,
				6E32FEE32C11EE6400C565FE /* ToDoAppUITests.swift in Sources */,
			);
			runOnlyForDeploymentPostprocessing = 0;
		};
/* End PBXSourcesBuildPhase section */

/* Begin PBXTargetDependency section */
		6E32FED62C11EE6400C565FE /* PBXTargetDependency */ = {
			isa = PBXTargetDependency;
			target = 6E32FEC32C11EE6100C565FE /* ToDoApp */;
			targetProxy = 6E32FED52C11EE6400C565FE /* PBXContainerItemProxy */;
		};
		6E32FEE02C11EE6400C565FE /* PBXTargetDependency */ = {
			isa = PBXTargetDependency;
			target = 6E32FEC32C11EE6100C565FE /* ToDoApp */;
			targetProxy = 6E32FEDF2C11EE6400C565FE /* PBXContainerItemProxy */;
		};
/* End PBXTargetDependency section */

/* Begin XCBuildConfiguration section */
		6E32FEE62C11EE6400C565FE /* Debug */ = {
			isa = XCBuildConfiguration;
			buildSettings = {
				ALWAYS_SEARCH_USER_PATHS = NO;
				ASSETCATALOG_COMPILER_GENERATE_SWIFT_ASSET_SYMBOL_EXTENSIONS = YES;
				CLANG_ANALYZER_NONNULL = YES;
				CLANG_ANALYZER_NUMBER_OBJECT_CONVERSION = YES_AGGRESSIVE;
				CLANG_CXX_LANGUAGE_STANDARD = "gnu++20";
				CLANG_ENABLE_MODULES = YES;
				CLANG_ENABLE_OBJC_ARC = YES;
				CLANG_ENABLE_OBJC_WEAK = YES;
				CLANG_WARN_BLOCK_CAPTURE_AUTORELEASING = YES;
				CLANG_WARN_BOOL_CONVERSION = YES;
				CLANG_WARN_COMMA = YES;
				CLANG_WARN_CONSTANT_CONVERSION = YES;
				CLANG_WARN_DEPRECATED_OBJC_IMPLEMENTATIONS = YES;
				CLANG_WARN_DIRECT_OBJC_ISA_USAGE = YES_ERROR;
				CLANG_WARN_DOCUMENTATION_COMMENTS = YES;
				CLANG_WARN_EMPTY_BODY = YES;
				CLANG_WARN_ENUM_CONVERSION = YES;
				CLANG_WARN_INFINITE_RECURSION = YES;
				CLANG_WARN_INT_CONVERSION = YES;
				CLANG_WARN_NON_LITERAL_NULL_CONVERSION = YES;
				CLANG_WARN_OBJC_IMPLICIT_RETAIN_SELF = YES;
				CLANG_WARN_OBJC_LITERAL_CONVERSION = YES;
				CLANG_WARN_OBJC_ROOT_CLASS = YES_ERROR;
				CLANG_WARN_QUOTED_INCLUDE_IN_FRAMEWORK_HEADER = YES;
				CLANG_WARN_RANGE_LOOP_ANALYSIS = YES;
				CLANG_WARN_STRICT_PROTOTYPES = YES;
				CLANG_WARN_SUSPICIOUS_MOVE = YES;
				CLANG_WARN_UNGUARDED_AVAILABILITY = YES_AGGRESSIVE;
				CLANG_WARN_UNREACHABLE_CODE = YES;
				CLANG_WARN__DUPLICATE_METHOD_MATCH = YES;
				COPY_PHASE_STRIP = NO;
				DEBUG_INFORMATION_FORMAT = dwarf;
				ENABLE_STRICT_OBJC_MSGSEND = YES;
				ENABLE_TESTABILITY = YES;
				ENABLE_USER_SCRIPT_SANDBOXING = YES;
				GCC_C_LANGUAGE_STANDARD = gnu17;
				GCC_DYNAMIC_NO_PIC = NO;
				GCC_NO_COMMON_BLOCKS = YES;
				GCC_OPTIMIZATION_LEVEL = 0;
				GCC_PREPROCESSOR_DEFINITIONS = (
					"DEBUG=1",
					"$(inherited)",
				);
				GCC_WARN_64_TO_32_BIT_CONVERSION = YES;
				GCC_WARN_ABOUT_RETURN_TYPE = YES_ERROR;
				GCC_WARN_UNDECLARED_SELECTOR = YES;
				GCC_WARN_UNINITIALIZED_AUTOS = YES_AGGRESSIVE;
				GCC_WARN_UNUSED_FUNCTION = YES;
				GCC_WARN_UNUSED_VARIABLE = YES;
				IPHONEOS_DEPLOYMENT_TARGET = 17.2;
				LOCALIZATION_PREFERS_STRING_CATALOGS = YES;
				MTL_ENABLE_DEBUG_INFO = INCLUDE_SOURCE;
				MTL_FAST_MATH = YES;
				ONLY_ACTIVE_ARCH = YES;
				SDKROOT = iphoneos;
				SWIFT_ACTIVE_COMPILATION_CONDITIONS = "DEBUG $(inherited)";
				SWIFT_OPTIMIZATION_LEVEL = "-Onone";
			};
			name = Debug;
		};
		6E32FEE72C11EE6400C565FE /* Release */ = {
			isa = XCBuildConfiguration;
			buildSettings = {
				ALWAYS_SEARCH_USER_PATHS = NO;
				ASSETCATALOG_COMPILER_GENERATE_SWIFT_ASSET_SYMBOL_EXTENSIONS = YES;
				CLANG_ANALYZER_NONNULL = YES;
				CLANG_ANALYZER_NUMBER_OBJECT_CONVERSION = YES_AGGRESSIVE;
				CLANG_CXX_LANGUAGE_STANDARD = "gnu++20";
				CLANG_ENABLE_MODULES = YES;
				CLANG_ENABLE_OBJC_ARC = YES;
				CLANG_ENABLE_OBJC_WEAK = YES;
				CLANG_WARN_BLOCK_CAPTURE_AUTORELEASING = YES;
				CLANG_WARN_BOOL_CONVERSION = YES;
				CLANG_WARN_COMMA = YES;
				CLANG_WARN_CONSTANT_CONVERSION = YES;
				CLANG_WARN_DEPRECATED_OBJC_IMPLEMENTATIONS = YES;
				CLANG_WARN_DIRECT_OBJC_ISA_USAGE = YES_ERROR;
				CLANG_WARN_DOCUMENTATION_COMMENTS = YES;
				CLANG_WARN_EMPTY_BODY = YES;
				CLANG_WARN_ENUM_CONVERSION = YES;
				CLANG_WARN_INFINITE_RECURSION = YES;
				CLANG_WARN_INT_CONVERSION = YES;
				CLANG_WARN_NON_LITERAL_NULL_CONVERSION = YES;
				CLANG_WARN_OBJC_IMPLICIT_RETAIN_SELF = YES;
				CLANG_WARN_OBJC_LITERAL_CONVERSION = YES;
				CLANG_WARN_OBJC_ROOT_CLASS = YES_ERROR;
				CLANG_WARN_QUOTED_INCLUDE_IN_FRAMEWORK_HEADER = YES;
				CLANG_WARN_RANGE_LOOP_ANALYSIS = YES;
				CLANG_WARN_STRICT_PROTOTYPES = YES;
				CLANG_WARN_SUSPICIOUS_MOVE = YES;
				CLANG_WARN_UNGUARDED_AVAILABILITY = YES_AGGRESSIVE;
				CLANG_WARN_UNREACHABLE_CODE = YES;
				CLANG_WARN__DUPLICATE_METHOD_MATCH = YES;
				COPY_PHASE_STRIP = NO;
				DEBUG_INFORMATION_FORMAT = "dwarf-with-dsym";
				ENABLE_NS_ASSERTIONS = NO;
				ENABLE_STRICT_OBJC_MSGSEND = YES;
				ENABLE_USER_SCRIPT_SANDBOXING = YES;
				GCC_C_LANGUAGE_STANDARD = gnu17;
				GCC_NO_COMMON_BLOCKS = YES;
				GCC_WARN_64_TO_32_BIT_CONVERSION = YES;
				GCC_WARN_ABOUT_RETURN_TYPE = YES_ERROR;
				GCC_WARN_UNDECLARED_SELECTOR = YES;
				GCC_WARN_UNINITIALIZED_AUTOS = YES_AGGRESSIVE;
				GCC_WARN_UNUSED_FUNCTION = YES;
				GCC_WARN_UNUSED_VARIABLE = YES;
				IPHONEOS_DEPLOYMENT_TARGET = 17.2;
				LOCALIZATION_PREFERS_STRING_CATALOGS = YES;
				MTL_ENABLE_DEBUG_INFO = NO;
				MTL_FAST_MATH = YES;
				SDKROOT = iphoneos;
				SWIFT_COMPILATION_MODE = wholemodule;
				VALIDATE_PRODUCT = YES;
			};
			name = Release;
		};
		6E32FEE92C11EE6400C565FE /* Debug */ = {
			isa = XCBuildConfiguration;
			buildSettings = {
				ASSETCATALOG_COMPILER_APPICON_NAME = AppIcon;
				ASSETCATALOG_COMPILER_GLOBAL_ACCENT_COLOR_NAME = AccentColor;
				CODE_SIGN_STYLE = Automatic;
				CURRENT_PROJECT_VERSION = 1;
				DEVELOPMENT_ASSET_PATHS = "\"ToDoApp/Preview Content\"";
				DEVELOPMENT_TEAM = 6KS9D696KR;
				ENABLE_PREVIEWS = YES;
				GENERATE_INFOPLIST_FILE = YES;
				INFOPLIST_KEY_UIApplicationSceneManifest_Generation = YES;
				INFOPLIST_KEY_UIApplicationSupportsIndirectInputEvents = YES;
				INFOPLIST_KEY_UILaunchScreen_Generation = YES;
				INFOPLIST_KEY_UISupportedInterfaceOrientations_iPad = "UIInterfaceOrientationPortrait UIInterfaceOrientationPortraitUpsideDown UIInterfaceOrientationLandscapeLeft UIInterfaceOrientationLandscapeRight";
				INFOPLIST_KEY_UISupportedInterfaceOrientations_iPhone = "UIInterfaceOrientationPortrait UIInterfaceOrientationLandscapeLeft UIInterfaceOrientationLandscapeRight";
				LD_RUNPATH_SEARCH_PATHS = (
					"$(inherited)",
					"@executable_path/Frameworks",
				);
				MARKETING_VERSION = 1.0;
				PRODUCT_BUNDLE_IDENTIFIER = com.Fknrd.ToDoApp;
				PRODUCT_NAME = "$(TARGET_NAME)";
				SWIFT_EMIT_LOC_STRINGS = YES;
				SWIFT_VERSION = 5.0;
				TARGETED_DEVICE_FAMILY = "1,2";
			};
			name = Debug;
		};
		6E32FEEA2C11EE6400C565FE /* Release */ = {
			isa = XCBuildConfiguration;
			buildSettings = {
				ASSETCATALOG_COMPILER_APPICON_NAME = AppIcon;
				ASSETCATALOG_COMPILER_GLOBAL_ACCENT_COLOR_NAME = AccentColor;
				CODE_SIGN_STYLE = Automatic;
				CURRENT_PROJECT_VERSION = 1;
				DEVELOPMENT_ASSET_PATHS = "\"ToDoApp/Preview Content\"";
				DEVELOPMENT_TEAM = 6KS9D696KR;
				ENABLE_PREVIEWS = YES;
				GENERATE_INFOPLIST_FILE = YES;
				INFOPLIST_KEY_UIApplicationSceneManifest_Generation = YES;
				INFOPLIST_KEY_UIApplicationSupportsIndirectInputEvents = YES;
				INFOPLIST_KEY_UILaunchScreen_Generation = YES;
				INFOPLIST_KEY_UISupportedInterfaceOrientations_iPad = "UIInterfaceOrientationPortrait UIInterfaceOrientationPortraitUpsideDown UIInterfaceOrientationLandscapeLeft UIInterfaceOrientationLandscapeRight";
				INFOPLIST_KEY_UISupportedInterfaceOrientations_iPhone = "UIInterfaceOrientationPortrait UIInterfaceOrientationLandscapeLeft UIInterfaceOrientationLandscapeRight";
				LD_RUNPATH_SEARCH_PATHS = (
					"$(inherited)",
					"@executable_path/Frameworks",
				);
				MARKETING_VERSION = 1.0;
				PRODUCT_BUNDLE_IDENTIFIER = com.Fknrd.ToDoApp;
				PRODUCT_NAME = "$(TARGET_NAME)";
				SWIFT_EMIT_LOC_STRINGS = YES;
				SWIFT_VERSION = 5.0;
				TARGETED_DEVICE_FAMILY = "1,2";
			};
			name = Release;
		};
		6E32FEEC2C11EE6400C565FE /* Debug */ = {
			isa = XCBuildConfiguration;
			buildSettings = {
				ALWAYS_EMBED_SWIFT_STANDARD_LIBRARIES = YES;
				BUNDLE_LOADER = "$(TEST_HOST)";
				CODE_SIGN_STYLE = Automatic;
				CURRENT_PROJECT_VERSION = 1;
				DEVELOPMENT_TEAM = 6KS9D696KR;
				GENERATE_INFOPLIST_FILE = YES;
				IPHONEOS_DEPLOYMENT_TARGET = 17.2;
				MARKETING_VERSION = 1.0;
				PRODUCT_BUNDLE_IDENTIFIER = com.Fknrd.ToDoAppTests;
				PRODUCT_NAME = "$(TARGET_NAME)";
				SWIFT_EMIT_LOC_STRINGS = NO;
				SWIFT_VERSION = 5.0;
				TARGETED_DEVICE_FAMILY = "1,2";
				TEST_HOST = "$(BUILT_PRODUCTS_DIR)/ToDoApp.app/$(BUNDLE_EXECUTABLE_FOLDER_PATH)/ToDoApp";
			};
			name = Debug;
		};
		6E32FEED2C11EE6400C565FE /* Release */ = {
			isa = XCBuildConfiguration;
			buildSettings = {
				ALWAYS_EMBED_SWIFT_STANDARD_LIBRARIES = YES;
				BUNDLE_LOADER = "$(TEST_HOST)";
				CODE_SIGN_STYLE = Automatic;
				CURRENT_PROJECT_VERSION = 1;
				DEVELOPMENT_TEAM = 6KS9D696KR;
				GENERATE_INFOPLIST_FILE = YES;
				IPHONEOS_DEPLOYMENT_TARGET = 17.2;
				MARKETING_VERSION = 1.0;
				PRODUCT_BUNDLE_IDENTIFIER = com.Fknrd.ToDoAppTests;
				PRODUCT_NAME = "$(TARGET_NAME)";
				SWIFT_EMIT_LOC_STRINGS = NO;
				SWIFT_VERSION = 5.0;
				TARGETED_DEVICE_FAMILY = "1,2";
				TEST_HOST = "$(BUILT_PRODUCTS_DIR)/ToDoApp.app/$(BUNDLE_EXECUTABLE_FOLDER_PATH)/ToDoApp";
			};
			name = Release;
		};
		6E32FEEF2C11EE6400C565FE /* Debug */ = {
			isa = XCBuildConfiguration;
			buildSettings = {
				ALWAYS_EMBED_SWIFT_STANDARD_LIBRARIES = YES;
				CODE_SIGN_STYLE = Automatic;
				CURRENT_PROJECT_VERSION = 1;
				DEVELOPMENT_TEAM = 6KS9D696KR;
				GENERATE_INFOPLIST_FILE = YES;
				MARKETING_VERSION = 1.0;
				PRODUCT_BUNDLE_IDENTIFIER = com.Fknrd.ToDoAppUITests;
				PRODUCT_NAME = "$(TARGET_NAME)";
				SWIFT_EMIT_LOC_STRINGS = NO;
				SWIFT_VERSION = 5.0;
				TARGETED_DEVICE_FAMILY = "1,2";
				TEST_TARGET_NAME = ToDoApp;
			};
			name = Debug;
		};
		6E32FEF02C11EE6400C565FE /* Release */ = {
			isa = XCBuildConfiguration;
			buildSettings = {
				ALWAYS_EMBED_SWIFT_STANDARD_LIBRARIES = YES;
				CODE_SIGN_STYLE = Automatic;
				CURRENT_PROJECT_VERSION = 1;
				DEVELOPMENT_TEAM = 6KS9D696KR;
				GENERATE_INFOPLIST_FILE = YES;
				MARKETING_VERSION = 1.0;
				PRODUCT_BUNDLE_IDENTIFIER = com.Fknrd.ToDoAppUITests;
				PRODUCT_NAME = "$(TARGET_NAME)";
				SWIFT_EMIT_LOC_STRINGS = NO;
				SWIFT_VERSION = 5.0;
				TARGETED_DEVICE_FAMILY = "1,2";
				TEST_TARGET_NAME = ToDoApp;
			};
			name = Release;
		};
/* End XCBuildConfiguration section */

/* Begin XCConfigurationList section */
		6E32FEBF2C11EE6100C565FE /* Build configuration list for PBXProject "ToDoApp" */ = {
			isa = XCConfigurationList;
			buildConfigurations = (
				6E32FEE62C11EE6400C565FE /* Debug */,
				6E32FEE72C11EE6400C565FE /* Release */,
			);
			defaultConfigurationIsVisible = 0;
			defaultConfigurationName = Release;
		};
		6E32FEE82C11EE6400C565FE /* Build configuration list for PBXNativeTarget "ToDoApp" */ = {
			isa = XCConfigurationList;
			buildConfigurations = (
				6E32FEE92C11EE6400C565FE /* Debug */,
				6E32FEEA2C11EE6400C565FE /* Release */,
			);
			defaultConfigurationIsVisible = 0;
			defaultConfigurationName = Release;
		};
		6E32FEEB2C11EE6400C565FE /* Build configuration list for PBXNativeTarget "ToDoAppTests" */ = {
			isa = XCConfigurationList;
			buildConfigurations = (
				6E32FEEC2C11EE6400C565FE /* Debug */,
				6E32FEED2C11EE6400C565FE /* Release */,
			);
			defaultConfigurationIsVisible = 0;
			defaultConfigurationName = Release;
		};
		6E32FEEE2C11EE6400C565FE /* Build configuration list for PBXNativeTarget "ToDoAppUITests" */ = {
			isa = XCConfigurationList;
			buildConfigurations = (
				6E32FEEF2C11EE6400C565FE /* Debug */,
				6E32FEF02C11EE6400C565FE /* Release */,
			);
			defaultConfigurationIsVisible = 0;
			defaultConfigurationName = Release;
		};
/* End XCConfigurationList section */
	};
	rootObject = 6E32FEBC2C11EE6100C565FE /* Project object */;
}
